// !$*UTF8*$!
{
	archiveVersion = 1;
	classes = {
	};
	objectVersion = 56;
	objects = {

/* Begin PBXBuildFile section */
		E71207322D216965004A5291 /* EventDate.swift in Sources */ = {isa = PBXBuildFile; fileRef = E71207312D216965004A5291 /* EventDate.swift */; };
		E745185E2D48E3BF009AC781 /* BackupView.swift in Sources */ = {isa = PBXBuildFile; fileRef = E745185D2D48E3BF009AC781 /* BackupView.swift */; };
		E768E2FF2D5245390004BBD0 /* Pacifico-Regular.ttf in Resources */ = {isa = PBXBuildFile; fileRef = E768E2FE2D5245390004BBD0 /* Pacifico-Regular.ttf */; };
		E768E3042D52540C0004BBD0 /* SplashView.swift in Sources */ = {isa = PBXBuildFile; fileRef = E768E3032D52540C0004BBD0 /* SplashView.swift */; };
		E78380C62D1E41EA00027E22 /* CustomCalendarForSwiftUIApp.swift in Sources */ = {isa = PBXBuildFile; fileRef = E78380C52D1E41EA00027E22 /* CustomCalendarForSwiftUIApp.swift */; };
		E78380C82D1E41EA00027E22 /* ContentView.swift in Sources */ = {isa = PBXBuildFile; fileRef = E78380C72D1E41EA00027E22 /* ContentView.swift */; };
		E78380CA2D1E41EF00027E22 /* Assets.xcassets in Resources */ = {isa = PBXBuildFile; fileRef = E78380C92D1E41EF00027E22 /* Assets.xcassets */; };
		E78380CD2D1E41EF00027E22 /* Preview Assets.xcassets in Resources */ = {isa = PBXBuildFile; fileRef = E78380CC2D1E41EF00027E22 /* Preview Assets.xcassets */; };
		E78380D72D1E42B200027E22 /* RealmSwift in Frameworks */ = {isa = PBXBuildFile; productRef = E78380D62D1E42B200027E22 /* RealmSwift */; };
		E78380DA2D1E450A00027E22 /* RealmSwift in Embed Frameworks */ = {isa = PBXBuildFile; productRef = E78380D62D1E42B200027E22 /* RealmSwift */; settings = {ATTRIBUTES = (CodeSignOnCopy, ); }; };
		E78380DC2D1E470200027E22 /* CalendarView.swift in Sources */ = {isa = PBXBuildFile; fileRef = E78380DB2D1E470200027E22 /* CalendarView.swift */; };
		E78380DE2D1E474F00027E22 /* EditView.swift in Sources */ = {isa = PBXBuildFile; fileRef = E78380DD2D1E474F00027E22 /* EditView.swift */; };
		E78ECB332D47795000982171 /* Holiday.swift in Sources */ = {isa = PBXBuildFile; fileRef = E78ECB322D47793D00982171 /* Holiday.swift */; };
		E7C1AAF42D2D59C4000300F3 /* EventPickerView.swift in Sources */ = {isa = PBXBuildFile; fileRef = E7C1AAF32D2D59C4000300F3 /* EventPickerView.swift */; };
		E7CCD58B2D43B261009E98BD /* EventDetailModal.swift in Sources */ = {isa = PBXBuildFile; fileRef = E7CCD58A2D43B25B009E98BD /* EventDetailModal.swift */; };
		E7D52E4C2D4B5A0F002BE578 /* FetchCalendarEventsIntent.swift in Sources */ = {isa = PBXBuildFile; fileRef = E7D52E4B2D4B5A04002BE578 /* FetchCalendarEventsIntent.swift */; };
		E7D52E4E2D4B76B8002BE578 /* CopyingIosCalendarEvents.swift in Sources */ = {isa = PBXBuildFile; fileRef = E7D52E4D2D4B76B8002BE578 /* CopyingIosCalendarEvents.swift */; };
/* End PBXBuildFile section */

/* Begin PBXCopyFilesBuildPhase section */
		E78380D92D1E450800027E22 /* Embed Frameworks */ = {
			isa = PBXCopyFilesBuildPhase;
			buildActionMask = 2147483647;
			dstPath = "";
			dstSubfolderSpec = 10;
			files = (
				E78380DA2D1E450A00027E22 /* RealmSwift in Embed Frameworks */,
			);
			name = "Embed Frameworks";
			runOnlyForDeploymentPostprocessing = 0;
		};
/* End PBXCopyFilesBuildPhase section */

/* Begin PBXFileReference section */
		E71207312D216965004A5291 /* EventDate.swift */ = {isa = PBXFileReference; lastKnownFileType = sourcecode.swift; path = EventDate.swift; sourceTree = "<group>"; };
		E712076D2D37D399004A5291 /* CustomCalendarForSwiftUI.entitlements */ = {isa = PBXFileReference; lastKnownFileType = text.plist.entitlements; path = CustomCalendarForSwiftUI.entitlements; sourceTree = "<group>"; };
		E745185D2D48E3BF009AC781 /* BackupView.swift */ = {isa = PBXFileReference; lastKnownFileType = sourcecode.swift; path = BackupView.swift; sourceTree = "<group>"; };
		E768E2FE2D5245390004BBD0 /* Pacifico-Regular.ttf */ = {isa = PBXFileReference; lastKnownFileType = file; path = "Pacifico-Regular.ttf"; sourceTree = "<group>"; };
		E768E3032D52540C0004BBD0 /* SplashView.swift */ = {isa = PBXFileReference; lastKnownFileType = sourcecode.swift; path = SplashView.swift; sourceTree = "<group>"; };
		E78380C22D1E41EA00027E22 /* CustomCalendarForSwiftUI.app */ = {isa = PBXFileReference; explicitFileType = wrapper.application; includeInIndex = 0; path = CustomCalendarForSwiftUI.app; sourceTree = BUILT_PRODUCTS_DIR; };
		E78380C52D1E41EA00027E22 /* CustomCalendarForSwiftUIApp.swift */ = {isa = PBXFileReference; lastKnownFileType = sourcecode.swift; path = CustomCalendarForSwiftUIApp.swift; sourceTree = "<group>"; };
		E78380C72D1E41EA00027E22 /* ContentView.swift */ = {isa = PBXFileReference; lastKnownFileType = sourcecode.swift; path = ContentView.swift; sourceTree = "<group>"; };
		E78380C92D1E41EF00027E22 /* Assets.xcassets */ = {isa = PBXFileReference; lastKnownFileType = folder.assetcatalog; path = Assets.xcassets; sourceTree = "<group>"; };
		E78380CC2D1E41EF00027E22 /* Preview Assets.xcassets */ = {isa = PBXFileReference; lastKnownFileType = folder.assetcatalog; path = "Preview Assets.xcassets"; sourceTree = "<group>"; };
		E78380DB2D1E470200027E22 /* CalendarView.swift */ = {isa = PBXFileReference; lastKnownFileType = sourcecode.swift; path = CalendarView.swift; sourceTree = "<group>"; };
		E78380DD2D1E474F00027E22 /* EditView.swift */ = {isa = PBXFileReference; lastKnownFileType = sourcecode.swift; path = EditView.swift; sourceTree = "<group>"; };
		E78ECB322D47793D00982171 /* Holiday.swift */ = {isa = PBXFileReference; lastKnownFileType = sourcecode.swift; path = Holiday.swift; sourceTree = "<group>"; };
		E7C1AAF32D2D59C4000300F3 /* EventPickerView.swift */ = {isa = PBXFileReference; lastKnownFileType = sourcecode.swift; path = EventPickerView.swift; sourceTree = "<group>"; };
		E7CCD58A2D43B25B009E98BD /* EventDetailModal.swift */ = {isa = PBXFileReference; lastKnownFileType = sourcecode.swift; path = EventDetailModal.swift; sourceTree = "<group>"; };
		E7D52E4B2D4B5A04002BE578 /* FetchCalendarEventsIntent.swift */ = {isa = PBXFileReference; lastKnownFileType = sourcecode.swift; path = FetchCalendarEventsIntent.swift; sourceTree = "<group>"; };
		E7D52E4D2D4B76B8002BE578 /* CopyingIosCalendarEvents.swift */ = {isa = PBXFileReference; lastKnownFileType = sourcecode.swift; path = CopyingIosCalendarEvents.swift; sourceTree = "<group>"; };
/* End PBXFileReference section */

/* Begin PBXFrameworksBuildPhase section */
		E78380BF2D1E41EA00027E22 /* Frameworks */ = {
			isa = PBXFrameworksBuildPhase;
			buildActionMask = 2147483647;
			files = (
				E78380D72D1E42B200027E22 /* RealmSwift in Frameworks */,
			);
			runOnlyForDeploymentPostprocessing = 0;
		};
/* End PBXFrameworksBuildPhase section */

/* Begin PBXGroup section */
		E768E2FD2D5245060004BBD0 /* Fonts */ = {
			isa = PBXGroup;
			children = (
				E768E2FE2D5245390004BBD0 /* Pacifico-Regular.ttf */,
			);
			path = Fonts;
			sourceTree = "<group>";
		};
		E78380B92D1E41EA00027E22 = {
			isa = PBXGroup;
			children = (
				E78380C42D1E41EA00027E22 /* CustomCalendarForSwiftUI */,
				E78380C32D1E41EA00027E22 /* Products */,
			);
			sourceTree = "<group>";
		};
		E78380C32D1E41EA00027E22 /* Products */ = {
			isa = PBXGroup;
			children = (
				E78380C22D1E41EA00027E22 /* CustomCalendarForSwiftUI.app */,
			);
			name = Products;
			sourceTree = "<group>";
		};
		E78380C42D1E41EA00027E22 /* CustomCalendarForSwiftUI */ = {
			isa = PBXGroup;
			children = (
				E768E2FD2D5245060004BBD0 /* Fonts */,
				E7CCD58D2D43B2A3009E98BD /* Model */,
				E7CCD58C2D43B29C009E98BD /* View */,
				E78380C72D1E41EA00027E22 /* ContentView.swift */,
				E712076D2D37D399004A5291 /* CustomCalendarForSwiftUI.entitlements */,
				E78380C52D1E41EA00027E22 /* CustomCalendarForSwiftUIApp.swift */,
				E78380C92D1E41EF00027E22 /* Assets.xcassets */,
				E78380CB2D1E41EF00027E22 /* Preview Content */,
			);
			path = CustomCalendarForSwiftUI;
			sourceTree = "<group>";
		};
		E78380CB2D1E41EF00027E22 /* Preview Content */ = {
			isa = PBXGroup;
			children = (
				E78380CC2D1E41EF00027E22 /* Preview Assets.xcassets */,
			);
			path = "Preview Content";
			sourceTree = "<group>";
		};
		E7CCD58C2D43B29C009E98BD /* View */ = {
			isa = PBXGroup;
			children = (
				E78380DB2D1E470200027E22 /* CalendarView.swift */,
				E78380DD2D1E474F00027E22 /* EditView.swift */,
				E7C1AAF32D2D59C4000300F3 /* EventPickerView.swift */,
				E7CCD58A2D43B25B009E98BD /* EventDetailModal.swift */,
				E745185D2D48E3BF009AC781 /* BackupView.swift */,
				E7D52E4D2D4B76B8002BE578 /* CopyingIosCalendarEvents.swift */,
				E768E3032D52540C0004BBD0 /* SplashView.swift */,
			);
			path = View;
			sourceTree = "<group>";
		};
		E7CCD58D2D43B2A3009E98BD /* Model */ = {
			isa = PBXGroup;
			children = (
				E7D52E4B2D4B5A04002BE578 /* FetchCalendarEventsIntent.swift */,
				E71207312D216965004A5291 /* EventDate.swift */,
				E78ECB322D47793D00982171 /* Holiday.swift */,
			);
			path = Model;
			sourceTree = "<group>";
		};
/* End PBXGroup section */

/* Begin PBXNativeTarget section */
		E78380C12D1E41EA00027E22 /* CustomCalendarForSwiftUI */ = {
			isa = PBXNativeTarget;
			buildConfigurationList = E78380D02D1E41EF00027E22 /* Build configuration list for PBXNativeTarget "CustomCalendarForSwiftUI" */;
			buildPhases = (
				E78380BE2D1E41EA00027E22 /* Sources */,
				E78380BF2D1E41EA00027E22 /* Frameworks */,
				E78380C02D1E41EA00027E22 /* Resources */,
				E78380D92D1E450800027E22 /* Embed Frameworks */,
			);
			buildRules = (
			);
			dependencies = (
			);
			name = CustomCalendarForSwiftUI;
			packageProductDependencies = (
				E78380D62D1E42B200027E22 /* RealmSwift */,
			);
			productName = CustomCalendarForSwiftUI;
			productReference = E78380C22D1E41EA00027E22 /* CustomCalendarForSwiftUI.app */;
			productType = "com.apple.product-type.application";
		};
/* End PBXNativeTarget section */

/* Begin PBXProject section */
		E78380BA2D1E41EA00027E22 /* Project object */ = {
			isa = PBXProject;
			attributes = {
				BuildIndependentTargetsInParallel = 1;
				LastSwiftUpdateCheck = 1520;
				LastUpgradeCheck = 1520;
				TargetAttributes = {
					E78380C12D1E41EA00027E22 = {
						CreatedOnToolsVersion = 15.2;
					};
				};
			};
			buildConfigurationList = E78380BD2D1E41EA00027E22 /* Build configuration list for PBXProject "CustomCalendarForSwiftUI" */;
			compatibilityVersion = "Xcode 14.0";
			developmentRegion = en;
			hasScannedForEncodings = 0;
			knownRegions = (
				en,
				Base,
			);
			mainGroup = E78380B92D1E41EA00027E22;
			packageReferences = (
				E78380D32D1E42B200027E22 /* XCRemoteSwiftPackageReference "realm-swift" */,
			);
			productRefGroup = E78380C32D1E41EA00027E22 /* Products */;
			projectDirPath = "";
			projectRoot = "";
			targets = (
				E78380C12D1E41EA00027E22 /* CustomCalendarForSwiftUI */,
			);
		};
/* End PBXProject section */

/* Begin PBXResourcesBuildPhase section */
		E78380C02D1E41EA00027E22 /* Resources */ = {
			isa = PBXResourcesBuildPhase;
			buildActionMask = 2147483647;
			files = (
				E768E2FF2D5245390004BBD0 /* Pacifico-Regular.ttf in Resources */,
				E78380CD2D1E41EF00027E22 /* Preview Assets.xcassets in Resources */,
				E78380CA2D1E41EF00027E22 /* Assets.xcassets in Resources */,
			);
			runOnlyForDeploymentPostprocessing = 0;
		};
/* End PBXResourcesBuildPhase section */

/* Begin PBXSourcesBuildPhase section */
		E78380BE2D1E41EA00027E22 /* Sources */ = {
			isa = PBXSourcesBuildPhase;
			buildActionMask = 2147483647;
			files = (
				E78380C82D1E41EA00027E22 /* ContentView.swift in Sources */,
				E7C1AAF42D2D59C4000300F3 /* EventPickerView.swift in Sources */,
				E78ECB332D47795000982171 /* Holiday.swift in Sources */,
				E71207322D216965004A5291 /* EventDate.swift in Sources */,
				E7D52E4E2D4B76B8002BE578 /* CopyingIosCalendarEvents.swift in Sources */,
				E78380C62D1E41EA00027E22 /* CustomCalendarForSwiftUIApp.swift in Sources */,
				E78380DE2D1E474F00027E22 /* EditView.swift in Sources */,
				E768E3042D52540C0004BBD0 /* SplashView.swift in Sources */,
				E7D52E4C2D4B5A0F002BE578 /* FetchCalendarEventsIntent.swift in Sources */,
				E78380DC2D1E470200027E22 /* CalendarView.swift in Sources */,
				E745185E2D48E3BF009AC781 /* BackupView.swift in Sources */,
				E7CCD58B2D43B261009E98BD /* EventDetailModal.swift in Sources */,
			);
			runOnlyForDeploymentPostprocessing = 0;
		};
/* End PBXSourcesBuildPhase section */

/* Begin XCBuildConfiguration section */
		E78380CE2D1E41EF00027E22 /* Debug */ = {
			isa = XCBuildConfiguration;
			buildSettings = {
				ALWAYS_SEARCH_USER_PATHS = NO;
				ASSETCATALOG_COMPILER_GENERATE_SWIFT_ASSET_SYMBOL_EXTENSIONS = YES;
				CLANG_ANALYZER_NONNULL = YES;
				CLANG_ANALYZER_NUMBER_OBJECT_CONVERSION = YES_AGGRESSIVE;
				CLANG_CXX_LANGUAGE_STANDARD = "gnu++20";
				CLANG_ENABLE_MODULES = YES;
				CLANG_ENABLE_OBJC_ARC = YES;
				CLANG_ENABLE_OBJC_WEAK = YES;
				CLANG_WARN_BLOCK_CAPTURE_AUTORELEASING = YES;
				CLANG_WARN_BOOL_CONVERSION = YES;
				CLANG_WARN_COMMA = YES;
				CLANG_WARN_CONSTANT_CONVERSION = YES;
				CLANG_WARN_DEPRECATED_OBJC_IMPLEMENTATIONS = YES;
				CLANG_WARN_DIRECT_OBJC_ISA_USAGE = YES_ERROR;
				CLANG_WARN_DOCUMENTATION_COMMENTS = YES;
				CLANG_WARN_EMPTY_BODY = YES;
				CLANG_WARN_ENUM_CONVERSION = YES;
				CLANG_WARN_INFINITE_RECURSION = YES;
				CLANG_WARN_INT_CONVERSION = YES;
				CLANG_WARN_NON_LITERAL_NULL_CONVERSION = YES;
				CLANG_WARN_OBJC_IMPLICIT_RETAIN_SELF = YES;
				CLANG_WARN_OBJC_LITERAL_CONVERSION = YES;
				CLANG_WARN_OBJC_ROOT_CLASS = YES_ERROR;
				CLANG_WARN_QUOTED_INCLUDE_IN_FRAMEWORK_HEADER = YES;
				CLANG_WARN_RANGE_LOOP_ANALYSIS = YES;
				CLANG_WARN_STRICT_PROTOTYPES = YES;
				CLANG_WARN_SUSPICIOUS_MOVE = YES;
				CLANG_WARN_UNGUARDED_AVAILABILITY = YES_AGGRESSIVE;
				CLANG_WARN_UNREACHABLE_CODE = YES;
				CLANG_WARN__DUPLICATE_METHOD_MATCH = YES;
				COPY_PHASE_STRIP = NO;
				DEBUG_INFORMATION_FORMAT = dwarf;
				ENABLE_STRICT_OBJC_MSGSEND = YES;
				ENABLE_TESTABILITY = YES;
				ENABLE_USER_SCRIPT_SANDBOXING = YES;
				GCC_C_LANGUAGE_STANDARD = gnu17;
				GCC_DYNAMIC_NO_PIC = NO;
				GCC_NO_COMMON_BLOCKS = YES;
				GCC_OPTIMIZATION_LEVEL = 0;
				GCC_PREPROCESSOR_DEFINITIONS = (
					"DEBUG=1",
					"$(inherited)",
				);
				GCC_WARN_64_TO_32_BIT_CONVERSION = YES;
				GCC_WARN_ABOUT_RETURN_TYPE = YES_ERROR;
				GCC_WARN_UNDECLARED_SELECTOR = YES;
				GCC_WARN_UNINITIALIZED_AUTOS = YES_AGGRESSIVE;
				GCC_WARN_UNUSED_FUNCTION = YES;
				GCC_WARN_UNUSED_VARIABLE = YES;
				IPHONEOS_DEPLOYMENT_TARGET = 17.2;
				LOCALIZATION_PREFERS_STRING_CATALOGS = YES;
				MTL_ENABLE_DEBUG_INFO = INCLUDE_SOURCE;
				MTL_FAST_MATH = YES;
				ONLY_ACTIVE_ARCH = YES;
				SDKROOT = iphoneos;
				SWIFT_ACTIVE_COMPILATION_CONDITIONS = "DEBUG $(inherited)";
				SWIFT_OPTIMIZATION_LEVEL = "-Onone";
			};
			name = Debug;
		};
		E78380CF2D1E41EF00027E22 /* Release */ = {
			isa = XCBuildConfiguration;
			buildSettings = {
				ALWAYS_SEARCH_USER_PATHS = NO;
				ASSETCATALOG_COMPILER_GENERATE_SWIFT_ASSET_SYMBOL_EXTENSIONS = YES;
				CLANG_ANALYZER_NONNULL = YES;
				CLANG_ANALYZER_NUMBER_OBJECT_CONVERSION = YES_AGGRESSIVE;
				CLANG_CXX_LANGUAGE_STANDARD = "gnu++20";
				CLANG_ENABLE_MODULES = YES;
				CLANG_ENABLE_OBJC_ARC = YES;
				CLANG_ENABLE_OBJC_WEAK = YES;
				CLANG_WARN_BLOCK_CAPTURE_AUTORELEASING = YES;
				CLANG_WARN_BOOL_CONVERSION = YES;
				CLANG_WARN_COMMA = YES;
				CLANG_WARN_CONSTANT_CONVERSION = YES;
				CLANG_WARN_DEPRECATED_OBJC_IMPLEMENTATIONS = YES;
				CLANG_WARN_DIRECT_OBJC_ISA_USAGE = YES_ERROR;
				CLANG_WARN_DOCUMENTATION_COMMENTS = YES;
				CLANG_WARN_EMPTY_BODY = YES;
				CLANG_WARN_ENUM_CONVERSION = YES;
				CLANG_WARN_INFINITE_RECURSION = YES;
				CLANG_WARN_INT_CONVERSION = YES;
				CLANG_WARN_NON_LITERAL_NULL_CONVERSION = YES;
				CLANG_WARN_OBJC_IMPLICIT_RETAIN_SELF = YES;
				CLANG_WARN_OBJC_LITERAL_CONVERSION = YES;
				CLANG_WARN_OBJC_ROOT_CLASS = YES_ERROR;
				CLANG_WARN_QUOTED_INCLUDE_IN_FRAMEWORK_HEADER = YES;
				CLANG_WARN_RANGE_LOOP_ANALYSIS = YES;
				CLANG_WARN_STRICT_PROTOTYPES = YES;
				CLANG_WARN_SUSPICIOUS_MOVE = YES;
				CLANG_WARN_UNGUARDED_AVAILABILITY = YES_AGGRESSIVE;
				CLANG_WARN_UNREACHABLE_CODE = YES;
				CLANG_WARN__DUPLICATE_METHOD_MATCH = YES;
				COPY_PHASE_STRIP = NO;
				DEBUG_INFORMATION_FORMAT = "dwarf-with-dsym";
				ENABLE_NS_ASSERTIONS = NO;
				ENABLE_STRICT_OBJC_MSGSEND = YES;
				ENABLE_USER_SCRIPT_SANDBOXING = YES;
				GCC_C_LANGUAGE_STANDARD = gnu17;
				GCC_NO_COMMON_BLOCKS = YES;
				GCC_WARN_64_TO_32_BIT_CONVERSION = YES;
				GCC_WARN_ABOUT_RETURN_TYPE = YES_ERROR;
				GCC_WARN_UNDECLARED_SELECTOR = YES;
				GCC_WARN_UNINITIALIZED_AUTOS = YES_AGGRESSIVE;
				GCC_WARN_UNUSED_FUNCTION = YES;
				GCC_WARN_UNUSED_VARIABLE = YES;
				IPHONEOS_DEPLOYMENT_TARGET = 17.2;
				LOCALIZATION_PREFERS_STRING_CATALOGS = YES;
				MTL_ENABLE_DEBUG_INFO = NO;
				MTL_FAST_MATH = YES;
				SDKROOT = iphoneos;
				SWIFT_COMPILATION_MODE = wholemodule;
				VALIDATE_PRODUCT = YES;
			};
			name = Release;
		};
		E78380D12D1E41EF00027E22 /* Debug */ = {
			isa = XCBuildConfiguration;
			buildSettings = {
				ASSETCATALOG_COMPILER_APPICON_NAME = AppIcon;
				ASSETCATALOG_COMPILER_GLOBAL_ACCENT_COLOR_NAME = AccentColor;
				CODE_SIGN_ENTITLEMENTS = CustomCalendarForSwiftUI/CustomCalendarForSwiftUI.entitlements;
				CODE_SIGN_STYLE = Automatic;
				CURRENT_PROJECT_VERSION = 1;
				DEVELOPMENT_ASSET_PATHS = "\"CustomCalendarForSwiftUI/Preview Content\"";
				DEVELOPMENT_TEAM = DU562ND7L2;
				ENABLE_PREVIEWS = YES;
				GENERATE_INFOPLIST_FILE = YES;
				INFOPLIST_FILE = CustomCalendarForSwiftUI/Info.plist;
				INFOPLIST_KEY_LSApplicationCategoryType = "<key>NSPrivacy - Camera Usage Description</key>";
				INFOPLIST_KEY_NSCalendarsUsageDescription = "Access to iOS Calendar is required to register events.";
				INFOPLIST_KEY_UIApplicationSceneManifest_Generation = YES;
				INFOPLIST_KEY_UIApplicationSupportsIndirectInputEvents = YES;
				INFOPLIST_KEY_UILaunchScreen_Generation = YES;
				INFOPLIST_KEY_UIRequiresFullScreen = YES;
				INFOPLIST_KEY_UISupportedInterfaceOrientations = UIInterfaceOrientationPortrait;
				INFOPLIST_KEY_UISupportedInterfaceOrientations_iPad = "UIInterfaceOrientationPortrait UIInterfaceOrientationPortraitUpsideDown";
				IPHONEOS_DEPLOYMENT_TARGET = 17.0;
				LD_RUNPATH_SEARCH_PATHS = (
					"$(inherited)",
					"@executable_path/Frameworks",
				);
				MARKETING_VERSION = 1.0;
				PRODUCT_BUNDLE_IDENTIFIER = net.unwraps.output.CustomCalendarForSwiftUI;
				PRODUCT_NAME = "$(TARGET_NAME)";
				SUPPORTED_PLATFORMS = "iphoneos iphonesimulator";
				SUPPORTS_MACCATALYST = YES;
				SWIFT_EMIT_LOC_STRINGS = YES;
				SWIFT_VERSION = 5.0;
				TARGETED_DEVICE_FAMILY = "1,2";
			};
			name = Debug;
		};
		E78380D22D1E41EF00027E22 /* Release */ = {
			isa = XCBuildConfiguration;
			buildSettings = {
				ASSETCATALOG_COMPILER_APPICON_NAME = AppIcon;
				ASSETCATALOG_COMPILER_GLOBAL_ACCENT_COLOR_NAME = AccentColor;
				CODE_SIGN_ENTITLEMENTS = CustomCalendarForSwiftUI/CustomCalendarForSwiftUI.entitlements;
				CODE_SIGN_STYLE = Automatic;
				CURRENT_PROJECT_VERSION = 1;
				DEVELOPMENT_ASSET_PATHS = "\"CustomCalendarForSwiftUI/Preview Content\"";
				DEVELOPMENT_TEAM = DU562ND7L2;
				ENABLE_PREVIEWS = YES;
				GENERATE_INFOPLIST_FILE = YES;
				INFOPLIST_FILE = CustomCalendarForSwiftUI/Info.plist;
				INFOPLIST_KEY_LSApplicationCategoryType = "<key>NSPrivacy - Camera Usage Description</key>";
				INFOPLIST_KEY_NSCalendarsUsageDescription = "Access to iOS Calendar is required to register events.";
				INFOPLIST_KEY_UIApplicationSceneManifest_Generation = YES;
				INFOPLIST_KEY_UIApplicationSupportsIndirectInputEvents = YES;
				INFOPLIST_KEY_UILaunchScreen_Generation = YES;
				INFOPLIST_KEY_UIRequiresFullScreen = YES;
				INFOPLIST_KEY_UISupportedInterfaceOrientations = UIInterfaceOrientationPortrait;
				INFOPLIST_KEY_UISupportedInterfaceOrientations_iPad = "UIInterfaceOrientationPortrait UIInterfaceOrientationPortraitUpsideDown";
				IPHONEOS_DEPLOYMENT_TARGET = 17.0;
				LD_RUNPATH_SEARCH_PATHS = (
					"$(inherited)",
					"@executable_path/Frameworks",
				);
				MARKETING_VERSION = 1.0;
				PRODUCT_BUNDLE_IDENTIFIER = net.unwraps.output.CustomCalendarForSwiftUI;
				PRODUCT_NAME = "$(TARGET_NAME)";
				SUPPORTED_PLATFORMS = "iphoneos iphonesimulator";
				SUPPORTS_MACCATALYST = YES;
				SWIFT_EMIT_LOC_STRINGS = YES;
				SWIFT_VERSION = 5.0;
				TARGETED_DEVICE_FAMILY = "1,2";
			};
			name = Release;
		};
/* End XCBuildConfiguration section */

/* Begin XCConfigurationList section */
		E78380BD2D1E41EA00027E22 /* Build configuration list for PBXProject "CustomCalendarForSwiftUI" */ = {
			isa = XCConfigurationList;
			buildConfigurations = (
				E78380CE2D1E41EF00027E22 /* Debug */,
				E78380CF2D1E41EF00027E22 /* Release */,
			);
			defaultConfigurationIsVisible = 0;
			defaultConfigurationName = Release;
		};
		E78380D02D1E41EF00027E22 /* Build configuration list for PBXNativeTarget "CustomCalendarForSwiftUI" */ = {
			isa = XCConfigurationList;
			buildConfigurations = (
				E78380D12D1E41EF00027E22 /* Debug */,
				E78380D22D1E41EF00027E22 /* Release */,
			);
			defaultConfigurationIsVisible = 0;
			defaultConfigurationName = Release;
		};
/* End XCConfigurationList section */

/* Begin XCRemoteSwiftPackageReference section */
		E78380D32D1E42B200027E22 /* XCRemoteSwiftPackageReference "realm-swift" */ = {
			isa = XCRemoteSwiftPackageReference;
			repositoryURL = "https://github.com/realm/realm-swift.git";
			requirement = {
				kind = upToNextMajorVersion;
				minimumVersion = 10.53.1;
			};
		};
/* End XCRemoteSwiftPackageReference section */

/* Begin XCSwiftPackageProductDependency section */
		E78380D62D1E42B200027E22 /* RealmSwift */ = {
			isa = XCSwiftPackageProductDependency;
			package = E78380D32D1E42B200027E22 /* XCRemoteSwiftPackageReference "realm-swift" */;
			productName = RealmSwift;
		};
/* End XCSwiftPackageProductDependency section */
	};
	rootObject = E78380BA2D1E41EA00027E22 /* Project object */;
}
